
Microsoft Visual Studio Solution File, Format Version 12.00
# Visual Studio Version 17
VisualStudioVersion = 17.3.32901.215
MinimumVisualStudioVersion = 10.0.40219.1
Project("{FAE04EC0-301F-11D3-BF4B-00C04F79EFBC}") = "TaskApp", "TaskApp\TaskApp.csproj", "{FBFFF161-EBDD-4232-9431-FC9B768A2DCF}"
EndProject
Global
	GlobalSection(SolutionConfigurationPlatforms) = preSolution
		Debug|Any CPU = Debug|Any CPU
		Release|Any CPU = Release|Any CPU
	EndGlobalSection
	GlobalSection(ProjectConfigurationPlatforms) = postSolution
		{FBFFF161-EBDD-4232-9431-FC9B768A2DCF}.Debug|Any CPU.ActiveCfg = Debug|Any CPU
		{FBFFF161-EBDD-4232-9431-FC9B768A2DCF}.Debug|Any CPU.Build.0 = Debug|Any CPU
		{FBFFF161-EBDD-4232-9431-FC9B768A2DCF}.Release|Any CPU.ActiveCfg = Release|Any CPU
		{FBFFF161-EBDD-4232-9431-FC9B768A2DCF}.Release|Any CPU.Build.0 = Release|Any CPU
	EndGlobalSection
	GlobalSection(SolutionProperties) = preSolution
		HideSolutionNode = FALSE
	EndGlobalSection
	GlobalSection(ExtensibilityGlobals) = postSolution
		SolutionGuid = {FE1720D2-A1B3-4F3E-815A-FF6285FD5482}
	EndGlobalSection
EndGlobal
